
Microsoft Visual Studio Solution File, Format Version 12.00
# Visual Studio Version 17
VisualStudioVersion = 17.3.32819.101
MinimumVisualStudioVersion = 10.0.40219.1
Project("{FAE04EC0-301F-11D3-BF4B-00C04F79EFBC}") = "Wpf_Work_16", "Wpf_Work_16\Wpf_Work_16.csproj", "{22ABE7B8-8E96-4D0F-A27B-60FB277D1325}"
EndProject
Global
	GlobalSection(SolutionConfigurationPlatforms) = preSolution
		Debug|Any CPU = Debug|Any CPU
		Release|Any CPU = Release|Any CPU
	EndGlobalSection
	GlobalSection(ProjectConfigurationPlatforms) = postSolution
		{22ABE7B8-8E96-4D0F-A27B-60FB277D1325}.Debug|Any CPU.ActiveCfg = Debug|Any CPU
		{22ABE7B8-8E96-4D0F-A27B-60FB277D1325}.Debug|Any CPU.Build.0 = Debug|Any CPU
		{22ABE7B8-8E96-4D0F-A27B-60FB277D1325}.Release|Any CPU.ActiveCfg = Release|Any CPU
		{22ABE7B8-8E96-4D0F-A27B-60FB277D1325}.Release|Any CPU.Build.0 = Release|Any CPU
	EndGlobalSection
	GlobalSection(SolutionProperties) = preSolution
		HideSolutionNode = FALSE
	EndGlobalSection
	GlobalSection(ExtensibilityGlobals) = postSolution
		SolutionGuid = {4CF21CEE-7A9D-4141-9462-A68F9AD7085C}
	EndGlobalSection
EndGlobal
